
Microsoft Visual Studio Solution File, Format Version 12.00
# Visual Studio 15
VisualStudioVersion = 15.0.28010.2046
MinimumVisualStudioVersion = 10.0.40219.1
Project("{2150E333-8FDC-42A3-9474-1A3956D46DE8}") = "src", "src", "{B750830D-D867-4F24-9FB4-0FB896E0C997}"
EndProject
Project("{9A19103F-16F7-4668-BE54-9A1E7A4F7556}") = "WebApp", "src\WebApp\WebApp.csproj", "{5146FD5A-5B81-4536-B07C-FD98A70FCB80}"
EndProject
Project("{9A19103F-16F7-4668-BE54-9A1E7A4F7556}") = "Infrastructure", "src\Infrastructure\Infrastructure.csproj", "{16823FEB-0036-42C5-ABE8-F13B24B3C884}"
EndProject
Project("{9A19103F-16F7-4668-BE54-9A1E7A4F7556}") = "Domain", "src\Domain\Domain.csproj", "{F0282C30-D9C3-4A9C-B1AC-891AEB32F035}"
EndProject
Global
	GlobalSection(SolutionConfigurationPlatforms) = preSolution
		Debug|Any CPU = Debug|Any CPU
		Release|Any CPU = Release|Any CPU
	EndGlobalSection
	GlobalSection(ProjectConfigurationPlatforms) = postSolution
		{5146FD5A-5B81-4536-B07C-FD98A70FCB80}.Debug|Any CPU.ActiveCfg = Debug|Any CPU
		{5146FD5A-5B81-4536-B07C-FD98A70FCB80}.Debug|Any CPU.Build.0 = Debug|Any CPU
		{5146FD5A-5B81-4536-B07C-FD98A70FCB80}.Release|Any CPU.ActiveCfg = Release|Any CPU
		{5146FD5A-5B81-4536-B07C-FD98A70FCB80}.Release|Any CPU.Build.0 = Release|Any CPU
		{16823FEB-0036-42C5-ABE8-F13B24B3C884}.Debug|Any CPU.ActiveCfg = Debug|Any CPU
		{16823FEB-0036-42C5-ABE8-F13B24B3C884}.Debug|Any CPU.Build.0 = Debug|Any CPU
		{16823FEB-0036-42C5-ABE8-F13B24B3C884}.Release|Any CPU.ActiveCfg = Release|Any CPU
		{16823FEB-0036-42C5-ABE8-F13B24B3C884}.Release|Any CPU.Build.0 = Release|Any CPU
		{F0282C30-D9C3-4A9C-B1AC-891AEB32F035}.Debug|Any CPU.ActiveCfg = Debug|Any CPU
		{F0282C30-D9C3-4A9C-B1AC-891AEB32F035}.Debug|Any CPU.Build.0 = Debug|Any CPU
		{F0282C30-D9C3-4A9C-B1AC-891AEB32F035}.Release|Any CPU.ActiveCfg = Release|Any CPU
		{F0282C30-D9C3-4A9C-B1AC-891AEB32F035}.Release|Any CPU.Build.0 = Release|Any CPU
	EndGlobalSection
	GlobalSection(SolutionProperties) = preSolution
		HideSolutionNode = FALSE
	EndGlobalSection
	GlobalSection(NestedProjects) = preSolution
		{5146FD5A-5B81-4536-B07C-FD98A70FCB80} = {B750830D-D867-4F24-9FB4-0FB896E0C997}
		{16823FEB-0036-42C5-ABE8-F13B24B3C884} = {B750830D-D867-4F24-9FB4-0FB896E0C997}
		{F0282C30-D9C3-4A9C-B1AC-891AEB32F035} = {B750830D-D867-4F24-9FB4-0FB896E0C997}
	EndGlobalSection
	GlobalSection(ExtensibilityGlobals) = postSolution
		SolutionGuid = {13BED061-8D56-4957-957B-D31DFE42AC5E}
	EndGlobalSection
EndGlobal
